
Microsoft Visual Studio Solution File, Format Version 12.00
# Visual Studio Version 16
VisualStudioVersion = 16.0.30011.22
MinimumVisualStudioVersion = 10.0.40219.1
Project("{FAE04EC0-301F-11D3-BF4B-00C04F79EFBC}") = "OffersApp", "OffersApp\OffersApp.csproj", "{D5CAC1FE-0EE1-4CD0-A79E-5D8F2122384C}"
EndProject
Project("{FAE04EC0-301F-11D3-BF4B-00C04F79EFBC}") = "OffersApp.Tests", "OffersApp.Tests\OffersApp.Tests.csproj", "{3FD546B0-E250-43EB-A307-8224C6E5CDC6}"
EndProject
Global
	GlobalSection(SolutionConfigurationPlatforms) = preSolution
		Debug|Any CPU = Debug|Any CPU
		Release|Any CPU = Release|Any CPU
	EndGlobalSection
	GlobalSection(ProjectConfigurationPlatforms) = postSolution
		{D5CAC1FE-0EE1-4CD0-A79E-5D8F2122384C}.Debug|Any CPU.ActiveCfg = Debug|Any CPU
		{D5CAC1FE-0EE1-4CD0-A79E-5D8F2122384C}.Debug|Any CPU.Build.0 = Debug|Any CPU
		{D5CAC1FE-0EE1-4CD0-A79E-5D8F2122384C}.Release|Any CPU.ActiveCfg = Release|Any CPU
		{D5CAC1FE-0EE1-4CD0-A79E-5D8F2122384C}.Release|Any CPU.Build.0 = Release|Any CPU
		{3FD546B0-E250-43EB-A307-8224C6E5CDC6}.Debug|Any CPU.ActiveCfg = Debug|Any CPU
		{3FD546B0-E250-43EB-A307-8224C6E5CDC6}.Debug|Any CPU.Build.0 = Debug|Any CPU
		{3FD546B0-E250-43EB-A307-8224C6E5CDC6}.Release|Any CPU.ActiveCfg = Release|Any CPU
		{3FD546B0-E250-43EB-A307-8224C6E5CDC6}.Release|Any CPU.Build.0 = Release|Any CPU
	EndGlobalSection
	GlobalSection(SolutionProperties) = preSolution
		HideSolutionNode = FALSE
	EndGlobalSection
	GlobalSection(ExtensibilityGlobals) = postSolution
		SolutionGuid = {FD2F8065-DE4E-4419-A09C-5F2C170B3515}
	EndGlobalSection
EndGlobal
